{
  "name": "asproject",
  "version": "1.0.0",
  "lockfileVersion": 3,
  "requires": true,
  "packages": {
    "": {
      "name": "asproject",
      "version": "1.0.0",
      "license": "ISC",
      "dependencies": {
        "@loupeteam/csvfilelib": "^1.2.2",
        "@loupeteam/errorlib": "^0.23.3",
        "@loupeteam/errorprog": "^0.1.0",
        "@loupeteam/vartools": "^0.11.4"
      }
    },
    "node_modules/@loupeteam/csvfilelib": {
      "version": "1.2.2",
      "resolved": "https://npm.pkg.github.com/download/@loupeteam/csvfilelib/1.2.2/048f0eddaea148af7ba646067e207c0588617a15",
      "integrity": "sha512-Vs8a/3Y0P8uJM4gI3gz7SbFJwJrM4RcJru4H21IPPPAye5lbEkGYf7eTpR1/rAVzvSRFjqB7hI7f79FaET/3KA==",
      "license": "MIT",
      "dependencies": {
        "@loupeteam/fiowrap": ">=0.9.0 <=0.9.9",
        "@loupeteam/hmitools": ">=0.11.3 <=0.11.9",
        "@loupeteam/logthat": ">=0.5.0 <=0.5.9",
        "@loupeteam/stringext": ">=0.14.1 <=0.14.9"
      }
    },
    "node_modules/@loupeteam/errorlib": {
      "version": "0.23.3",
      "resolved": "https://npm.pkg.github.com/download/@loupeteam/errorlib/0.23.3/348c201feb000eafabee5d3ced4163e9de6a8d01",
      "integrity": "sha512-VwXSN7syWemO44yzq4a0UzpvTaAkwCKLY5nstzoOu5BzzFLndbz5mu0kbKJMFLX65r/hh5mw5PU+0MUwIZyp8Q==",
      "license": "MIT",
      "dependencies": {
        "@loupeteam/hmitools": ">=0.11.4 <=0.11.9",
        "@loupeteam/logthat": ">=0.5.0 <=0.5.9",
        "@loupeteam/stringext": ">=0.14.1 <=0.14.9"
      }
    },
    "node_modules/@loupeteam/errorprog": {
      "version": "0.1.0",
      "resolved": "https://npm.pkg.github.com/download/@loupeteam/errorprog/0.1.0/eb73f5019045a353c377f5acc09cbde699cf53cb",
      "integrity": "sha512-DJMGNltpOoob/t8LJhopAR4ywlxuTh0bZ1FWFAFlkz8oaDWepVXOTVOsjzbMxg/YEfDAtNQ3WxPYdiwyVWN3uw==",
      "license": "MIT",
      "dependencies": {
        "@loupeteam/errorlib": "^0.23.3",
        "@loupeteam/hmitools": "^0.11.4"
      }
    },
    "node_modules/@loupeteam/fiowrap": {
      "version": "0.9.1",
      "resolved": "https://npm.pkg.github.com/download/@loupeteam/fiowrap/0.9.1/f299ddc5721948a99321c6391fd3f4c147987d31",
      "integrity": "sha512-1u4+YdCr41Xa1OOauiyav8Gq71Q1U5caPNImYwhVW01Tx7LG8a+zG1sKLXeLfbKxAfL/aHTPqEJSCNtB94Rq+w==",
      "license": "MIT",
      "dependencies": {
        "@loupeteam/stringext": ">=0.11.0"
      }
    },
    "node_modules/@loupeteam/hmitools": {
      "version": "0.11.4",
      "resolved": "https://npm.pkg.github.com/download/@loupeteam/hmitools/0.11.4/eb55cbcdcc1ce97d09d3b83a0c51e4cd33a8d61b",
      "integrity": "sha512-Q+vewN4fVCR6063wTEZBiH681udEALVa2Rzfrh9YmdB47opqo/m3U8Lqid5sP+WNmB+/0fCUylPRuf5F5edJMw==",
      "license": "MIT",
      "dependencies": {
        "@loupeteam/ringbuflib": ">=0.2.0",
        "@loupeteam/stringext": ">=0.4.0"
      }
    },
    "node_modules/@loupeteam/logthat": {
      "version": "0.5.1",
      "resolved": "https://npm.pkg.github.com/download/@loupeteam/logthat/0.5.1/728712ec79fff3ca14613f7b900f501a920b2871",
      "integrity": "sha512-DvZR0Q/dU+RVR9ASV4xPJY2XIUG6fuf3brlyjndRK1MxVzl+ksBHm0QZJufDlYW9yejnT3cLoE6X9R3a+Cm+vg==",
      "license": "MIT",
      "dependencies": {
        "@loupeteam/stringext": ">=0.14.1"
      }
    },
    "node_modules/@loupeteam/ringbuflib": {
      "version": "0.2.4",
      "resolved": "https://npm.pkg.github.com/download/@loupeteam/ringbuflib/0.2.4/f42f953e137103bbed3d088c97bbd3bd0dcb064e",
      "integrity": "sha512-UWnY3vSgOIIyNoDQMpo0eAuw9P0dAt35O0UdNB6tNXIeLr8ytzI3vbHAjiaSUYoecLkNl4lbhyVHNGXoivlz8Q==",
      "license": "MIT"
    },
    "node_modules/@loupeteam/stringext": {
      "version": "0.14.4",
      "resolved": "https://npm.pkg.github.com/download/@loupeteam/stringext/0.14.4/9d7c965dd094afeaf89b9f48c9b882ce798890dc",
      "integrity": "sha512-xYNj2b+SUxIgM5ZvB+BgDL+cqWkaKHAN65GbyNCd1B/SExiqUDO/VMa77/Sk2XlIZdzXj5mXxjwU/zjY97WsMg==",
      "license": "MIT"
    },
    "node_modules/@loupeteam/vartools": {
      "version": "0.11.4",
      "resolved": "https://npm.pkg.github.com/download/@loupeteam/vartools/0.11.4/8a2e100b44081fccfd4363997ee43aea17bd8b48",
      "integrity": "sha512-WRt+9XVHOCZ2K3htPC3oHXX4B5voNukMu4Iz3P2Bbhh/s0+jYlX6xtBR7RWsppycrcxxZqydnaDb80OKMdMU7g==",
      "license": "Loupe Software License Agreement",
      "dependencies": {
        "@loupeteam/stringext": ">=0.14.0 <=0.14.9"
      }
    }
  }
}
